
Microsoft Visual Studio Solution File, Format Version 12.00
# Visual Studio Version 16
VisualStudioVersion = 16.0.31613.86
MinimumVisualStudioVersion = 10.0.40219.1
Project("{FAE04EC0-301F-11D3-BF4B-00C04F79EFBC}") = "InAndOut", "InAndOut\InAndOut.csproj", "{EDF37AF9-5F5F-4D6C-9F8A-0AF4E087E6EB}"
EndProject
Global
	GlobalSection(SolutionConfigurationPlatforms) = preSolution
		Debug|Any CPU = Debug|Any CPU
		Release|Any CPU = Release|Any CPU
	EndGlobalSection
	GlobalSection(ProjectConfigurationPlatforms) = postSolution
		{EDF37AF9-5F5F-4D6C-9F8A-0AF4E087E6EB}.Debug|Any CPU.ActiveCfg = Debug|Any CPU
		{EDF37AF9-5F5F-4D6C-9F8A-0AF4E087E6EB}.Debug|Any CPU.Build.0 = Debug|Any CPU
		{EDF37AF9-5F5F-4D6C-9F8A-0AF4E087E6EB}.Release|Any CPU.ActiveCfg = Release|Any CPU
		{EDF37AF9-5F5F-4D6C-9F8A-0AF4E087E6EB}.Release|Any CPU.Build.0 = Release|Any CPU
	EndGlobalSection
	GlobalSection(SolutionProperties) = preSolution
		HideSolutionNode = FALSE
	EndGlobalSection
	GlobalSection(ExtensibilityGlobals) = postSolution
		SolutionGuid = {EAC9E320-0DCB-4182-B9F2-B0A1B1069373}
	EndGlobalSection
EndGlobal
